[[package]]
name = "docopt"
version = "0.6.2"
description = "Pythonic argument parser, that will make you smile"
category = "main"
optional = false
python-versions = "*"

[[package]]
name = "gitdb"
version = "4.0.9"
description = "Git Object Database"
category = "main"
optional = false
python-versions = ">=3.6"

[package.dependencies]
smmap = ">=3.0.1,<6"

[[package]]
name = "gitpython"
version = "3.1.27"
description = "GitPython is a python library used to interact with Git repositories"
category = "main"
optional = false
python-versions = ">=3.7"

[package.dependencies]
gitdb = ">=4.0.1,<5"

[[package]]
name = "pip-licenses"
version = "3.5.3"
description = "Dump the software license list of Python packages installed with pip."
category = "dev"
optional = false
python-versions = "~=3.6"

[package.dependencies]
PTable = "*"

[package.extras]
test = ["docutils", "pytest-cov", "pytest-pycodestyle", "pytest-runner"]

[[package]]
name = "ptable"
version = "0.9.2"
description = "A simple Python library for easily displaying tabular data in a visually appealing ASCII table format"
category = "dev"
optional = false
python-versions = "*"

[[package]]
name = "semver"
version = "2.13.0"
description = "Python helper for Semantic Versioning (http://semver.org/)"
category = "main"
optional = false
python-versions = ">=2.7, !=3.0.*, !=3.1.*, !=3.2.*, !=3.3.*"

[[package]]
name = "smmap"
version = "5.0.0"
description = "A pure Python implementation of a sliding window memory map manager"
category = "main"
optional = false
python-versions = ">=3.6"

[metadata]
lock-version = "1.1"
python-versions = "^3.8"
content-hash = "2005c91469fa779b1d1c88919296c1c081b30e463a6bd310a1c42c069754db2f"

[metadata.files]
docopt = [
    {file = "docopt-0.6.2.tar.gz", hash = "sha256:49b3a825280bd66b3aa83585ef59c4a8c82f2c8a522dbe754a8bc8d08c85c491"},
]
gitdb = [
    {file = "gitdb-4.0.9-py3-none-any.whl", hash = "sha256:8033ad4e853066ba6ca92050b9df2f89301b8fc8bf7e9324d412a63f8bf1a8fd"},
    {file = "gitdb-4.0.9.tar.gz", hash = "sha256:bac2fd45c0a1c9cf619e63a90d62bdc63892ef92387424b855792a6cabe789aa"},
]
gitpython = [
    {file = "GitPython-3.1.27-py3-none-any.whl", hash = "sha256:5b68b000463593e05ff2b261acff0ff0972df8ab1b70d3cdbd41b546c8b8fc3d"},
    {file = "GitPython-3.1.27.tar.gz", hash = "sha256:1c885ce809e8ba2d88a29befeb385fcea06338d3640712b59ca623c220bb5704"},
]
pip-licenses = [
    {file = "pip-licenses-3.5.3.tar.gz", hash = "sha256:f44860e00957b791c6c6005a3328f2d5eaeee96ddb8e7d87d4b0aa25b02252e4"},
    {file = "pip_licenses-3.5.3-py3-none-any.whl", hash = "sha256:59c148d6a03784bf945d232c0dc0e9de4272a3675acaa0361ad7712398ca86ba"},
]
ptable = [
    {file = "PTable-0.9.2.tar.gz", hash = "sha256:aa7fc151cb40f2dabcd2275ba6f7fd0ff8577a86be3365cd3fb297cbe09cc292"},
]
semver = [
    {file = "semver-2.13.0-py2.py3-none-any.whl", hash = "sha256:ced8b23dceb22134307c1b8abfa523da14198793d9787ac838e70e29e77458d4"},
    {file = "semver-2.13.0.tar.gz", hash = "sha256:fa0fe2722ee1c3f57eac478820c3a5ae2f624af8264cbdf9000c980ff7f75e3f"},
]
smmap = [
    {file = "smmap-5.0.0-py3-none-any.whl", hash = "sha256:2aba19d6a040e78d8b09de5c57e96207b09ed71d8e55ce0959eeee6c8e190d94"},
    {file = "smmap-5.0.0.tar.gz", hash = "sha256:c840e62059cd3be204b0c9c9f74be2c09d5648eddd4580d9314c3ecde0b30936"},
]
